
Microsoft Visual Studio Solution File, Format Version 12.00
# Visual Studio Version 17
VisualStudioVersion = 17.0.31903.59
MinimumVisualStudioVersion = 10.0.40219.1
Project("{FAE04EC0-301F-11D3-BF4B-00C04F79EFBC}") = "AccountService", "AccountService\AccountService.csproj", "{A1B2C3D4-E5F6-7890-ABCD-123456789012}"
EndProject
Project("{FAE04EC0-301F-11D3-BF4B-00C04F79EFBC}") = "TransactionService", "TransactionService\TransactionService.csproj", "{4956346B-31EC-4753-E3FA-C7485B6176B3}"
EndProject
Project("{FAE04EC0-301F-11D3-BF4B-00C04F79EFBC}") = "PaymentService", "PaymentService\PaymentService.csproj", "{7DDA886F-7022-E231-A5D2-8BDF0FBB44D6}"
EndProject
Project("{FAE04EC0-301F-11D3-BF4B-00C04F79EFBC}") = "NotificationService", "NotificationService\NotificationService.csproj", "{CF9FD0F0-B9C2-54C6-189B-77AA3D46F4C2}"
EndProject
Project("{2150E333-8FDC-42A3-9474-1A3956D46DE8}") = "Shared", "Shared", "{4F52FD11-658E-A102-6CD3-7D7C16FFA15B}"
EndProject
Project("{FAE04EC0-301F-11D3-BF4B-00C04F79EFBC}") = "Banking.Shared", "Shared\Banking.Shared\Banking.Shared.csproj", "{5F4DFBFC-C6D2-C999-0764-D1C041C8D99E}"
EndProject
Project("{FAE04EC0-301F-11D3-BF4B-00C04F79EFBC}") = "SupportService", "SupportService\SupportService.csproj", "{8DFF2769-B352-4FD7-8F05-EFF6E010BFDD}"
EndProject
Project("{FAE04EC0-301F-11D3-BF4B-00C04F79EFBC}") = "ApiGateway", "ApiGateway\ApiGateway.csproj", "{D82E5BC5-A3D2-4544-BBF1-D9E5C4005D39}"
EndProject
Global
	GlobalSection(SolutionConfigurationPlatforms) = preSolution
		Debug|Any CPU = Debug|Any CPU
		Debug|x64 = Debug|x64
		Debug|x86 = Debug|x86
		Release|Any CPU = Release|Any CPU
		Release|x64 = Release|x64
		Release|x86 = Release|x86
	EndGlobalSection
	GlobalSection(ProjectConfigurationPlatforms) = postSolution
		{A1B2C3D4-E5F6-7890-ABCD-123456789012}.Debug|Any CPU.ActiveCfg = Debug|Any CPU
		{A1B2C3D4-E5F6-7890-ABCD-123456789012}.Debug|Any CPU.Build.0 = Debug|Any CPU
		{A1B2C3D4-E5F6-7890-ABCD-123456789012}.Debug|x64.ActiveCfg = Debug|Any CPU
		{A1B2C3D4-E5F6-7890-ABCD-123456789012}.Debug|x64.Build.0 = Debug|Any CPU
		{A1B2C3D4-E5F6-7890-ABCD-123456789012}.Debug|x86.ActiveCfg = Debug|Any CPU
		{A1B2C3D4-E5F6-7890-ABCD-123456789012}.Debug|x86.Build.0 = Debug|Any CPU
		{A1B2C3D4-E5F6-7890-ABCD-123456789012}.Release|Any CPU.ActiveCfg = Release|Any CPU
		{A1B2C3D4-E5F6-7890-ABCD-123456789012}.Release|Any CPU.Build.0 = Release|Any CPU
		{A1B2C3D4-E5F6-7890-ABCD-123456789012}.Release|x64.ActiveCfg = Release|Any CPU
		{A1B2C3D4-E5F6-7890-ABCD-123456789012}.Release|x64.Build.0 = Release|Any CPU
		{A1B2C3D4-E5F6-7890-ABCD-123456789012}.Release|x86.ActiveCfg = Release|Any CPU
		{A1B2C3D4-E5F6-7890-ABCD-123456789012}.Release|x86.Build.0 = Release|Any CPU
		{4956346B-31EC-4753-E3FA-C7485B6176B3}.Debug|Any CPU.ActiveCfg = Debug|Any CPU
		{4956346B-31EC-4753-E3FA-C7485B6176B3}.Debug|Any CPU.Build.0 = Debug|Any CPU
		{4956346B-31EC-4753-E3FA-C7485B6176B3}.Debug|x64.ActiveCfg = Debug|Any CPU
		{4956346B-31EC-4753-E3FA-C7485B6176B3}.Debug|x64.Build.0 = Debug|Any CPU
		{4956346B-31EC-4753-E3FA-C7485B6176B3}.Debug|x86.ActiveCfg = Debug|Any CPU
		{4956346B-31EC-4753-E3FA-C7485B6176B3}.Debug|x86.Build.0 = Debug|Any CPU
		{4956346B-31EC-4753-E3FA-C7485B6176B3}.Release|Any CPU.ActiveCfg = Release|Any CPU
		{4956346B-31EC-4753-E3FA-C7485B6176B3}.Release|Any CPU.Build.0 = Release|Any CPU
		{4956346B-31EC-4753-E3FA-C7485B6176B3}.Release|x64.ActiveCfg = Release|Any CPU
		{4956346B-31EC-4753-E3FA-C7485B6176B3}.Release|x64.Build.0 = Release|Any CPU
		{4956346B-31EC-4753-E3FA-C7485B6176B3}.Release|x86.ActiveCfg = Release|Any CPU
		{4956346B-31EC-4753-E3FA-C7485B6176B3}.Release|x86.Build.0 = Release|Any CPU
		{7DDA886F-7022-E231-A5D2-8BDF0FBB44D6}.Debug|Any CPU.ActiveCfg = Debug|Any CPU
		{7DDA886F-7022-E231-A5D2-8BDF0FBB44D6}.Debug|Any CPU.Build.0 = Debug|Any CPU
		{7DDA886F-7022-E231-A5D2-8BDF0FBB44D6}.Debug|x64.ActiveCfg = Debug|Any CPU
		{7DDA886F-7022-E231-A5D2-8BDF0FBB44D6}.Debug|x64.Build.0 = Debug|Any CPU
		{7DDA886F-7022-E231-A5D2-8BDF0FBB44D6}.Debug|x86.ActiveCfg = Debug|Any CPU
		{7DDA886F-7022-E231-A5D2-8BDF0FBB44D6}.Debug|x86.Build.0 = Debug|Any CPU
		{7DDA886F-7022-E231-A5D2-8BDF0FBB44D6}.Release|Any CPU.ActiveCfg = Release|Any CPU
		{7DDA886F-7022-E231-A5D2-8BDF0FBB44D6}.Release|Any CPU.Build.0 = Release|Any CPU
		{7DDA886F-7022-E231-A5D2-8BDF0FBB44D6}.Release|x64.ActiveCfg = Release|Any CPU
		{7DDA886F-7022-E231-A5D2-8BDF0FBB44D6}.Release|x64.Build.0 = Release|Any CPU
		{7DDA886F-7022-E231-A5D2-8BDF0FBB44D6}.Release|x86.ActiveCfg = Release|Any CPU
		{7DDA886F-7022-E231-A5D2-8BDF0FBB44D6}.Release|x86.Build.0 = Release|Any CPU
		{CF9FD0F0-B9C2-54C6-189B-77AA3D46F4C2}.Debug|Any CPU.ActiveCfg = Debug|Any CPU
		{CF9FD0F0-B9C2-54C6-189B-77AA3D46F4C2}.Debug|Any CPU.Build.0 = Debug|Any CPU
		{CF9FD0F0-B9C2-54C6-189B-77AA3D46F4C2}.Debug|x64.ActiveCfg = Debug|Any CPU
		{CF9FD0F0-B9C2-54C6-189B-77AA3D46F4C2}.Debug|x64.Build.0 = Debug|Any CPU
		{CF9FD0F0-B9C2-54C6-189B-77AA3D46F4C2}.Debug|x86.ActiveCfg = Debug|Any CPU
		{CF9FD0F0-B9C2-54C6-189B-77AA3D46F4C2}.Debug|x86.Build.0 = Debug|Any CPU
		{CF9FD0F0-B9C2-54C6-189B-77AA3D46F4C2}.Release|Any CPU.ActiveCfg = Release|Any CPU
		{CF9FD0F0-B9C2-54C6-189B-77AA3D46F4C2}.Release|Any CPU.Build.0 = Release|Any CPU
		{CF9FD0F0-B9C2-54C6-189B-77AA3D46F4C2}.Release|x64.ActiveCfg = Release|Any CPU
		{CF9FD0F0-B9C2-54C6-189B-77AA3D46F4C2}.Release|x64.Build.0 = Release|Any CPU
		{CF9FD0F0-B9C2-54C6-189B-77AA3D46F4C2}.Release|x86.ActiveCfg = Release|Any CPU
		{CF9FD0F0-B9C2-54C6-189B-77AA3D46F4C2}.Release|x86.Build.0 = Release|Any CPU
		{5F4DFBFC-C6D2-C999-0764-D1C041C8D99E}.Debug|Any CPU.ActiveCfg = Debug|Any CPU
		{5F4DFBFC-C6D2-C999-0764-D1C041C8D99E}.Debug|Any CPU.Build.0 = Debug|Any CPU
		{5F4DFBFC-C6D2-C999-0764-D1C041C8D99E}.Debug|x64.ActiveCfg = Debug|Any CPU
		{5F4DFBFC-C6D2-C999-0764-D1C041C8D99E}.Debug|x64.Build.0 = Debug|Any CPU
		{5F4DFBFC-C6D2-C999-0764-D1C041C8D99E}.Debug|x86.ActiveCfg = Debug|Any CPU
		{5F4DFBFC-C6D2-C999-0764-D1C041C8D99E}.Debug|x86.Build.0 = Debug|Any CPU
		{5F4DFBFC-C6D2-C999-0764-D1C041C8D99E}.Release|Any CPU.ActiveCfg = Release|Any CPU
		{5F4DFBFC-C6D2-C999-0764-D1C041C8D99E}.Release|Any CPU.Build.0 = Release|Any CPU
		{5F4DFBFC-C6D2-C999-0764-D1C041C8D99E}.Release|x64.ActiveCfg = Release|Any CPU
		{5F4DFBFC-C6D2-C999-0764-D1C041C8D99E}.Release|x64.Build.0 = Release|Any CPU
		{5F4DFBFC-C6D2-C999-0764-D1C041C8D99E}.Release|x86.ActiveCfg = Release|Any CPU
		{5F4DFBFC-C6D2-C999-0764-D1C041C8D99E}.Release|x86.Build.0 = Release|Any CPU
		{8DFF2769-B352-4FD7-8F05-EFF6E010BFDD}.Debug|Any CPU.ActiveCfg = Debug|Any CPU
		{8DFF2769-B352-4FD7-8F05-EFF6E010BFDD}.Debug|Any CPU.Build.0 = Debug|Any CPU
		{8DFF2769-B352-4FD7-8F05-EFF6E010BFDD}.Debug|x64.ActiveCfg = Debug|Any CPU
		{8DFF2769-B352-4FD7-8F05-EFF6E010BFDD}.Debug|x64.Build.0 = Debug|Any CPU
		{8DFF2769-B352-4FD7-8F05-EFF6E010BFDD}.Debug|x86.ActiveCfg = Debug|Any CPU
		{8DFF2769-B352-4FD7-8F05-EFF6E010BFDD}.Debug|x86.Build.0 = Debug|Any CPU
		{8DFF2769-B352-4FD7-8F05-EFF6E010BFDD}.Release|Any CPU.ActiveCfg = Release|Any CPU
		{8DFF2769-B352-4FD7-8F05-EFF6E010BFDD}.Release|Any CPU.Build.0 = Release|Any CPU
		{8DFF2769-B352-4FD7-8F05-EFF6E010BFDD}.Release|x64.ActiveCfg = Release|Any CPU
		{8DFF2769-B352-4FD7-8F05-EFF6E010BFDD}.Release|x64.Build.0 = Release|Any CPU
		{8DFF2769-B352-4FD7-8F05-EFF6E010BFDD}.Release|x86.ActiveCfg = Release|Any CPU
		{8DFF2769-B352-4FD7-8F05-EFF6E010BFDD}.Release|x86.Build.0 = Release|Any CPU
		{D82E5BC5-A3D2-4544-BBF1-D9E5C4005D39}.Debug|Any CPU.ActiveCfg = Debug|Any CPU
		{D82E5BC5-A3D2-4544-BBF1-D9E5C4005D39}.Debug|Any CPU.Build.0 = Debug|Any CPU
		{D82E5BC5-A3D2-4544-BBF1-D9E5C4005D39}.Debug|x64.ActiveCfg = Debug|Any CPU
		{D82E5BC5-A3D2-4544-BBF1-D9E5C4005D39}.Debug|x64.Build.0 = Debug|Any CPU
		{D82E5BC5-A3D2-4544-BBF1-D9E5C4005D39}.Debug|x86.ActiveCfg = Debug|Any CPU
		{D82E5BC5-A3D2-4544-BBF1-D9E5C4005D39}.Debug|x86.Build.0 = Debug|Any CPU
		{D82E5BC5-A3D2-4544-BBF1-D9E5C4005D39}.Release|Any CPU.ActiveCfg = Release|Any CPU
		{D82E5BC5-A3D2-4544-BBF1-D9E5C4005D39}.Release|Any CPU.Build.0 = Release|Any CPU
		{D82E5BC5-A3D2-4544-BBF1-D9E5C4005D39}.Release|x64.ActiveCfg = Release|Any CPU
		{D82E5BC5-A3D2-4544-BBF1-D9E5C4005D39}.Release|x64.Build.0 = Release|Any CPU
		{D82E5BC5-A3D2-4544-BBF1-D9E5C4005D39}.Release|x86.ActiveCfg = Release|Any CPU
		{D82E5BC5-A3D2-4544-BBF1-D9E5C4005D39}.Release|x86.Build.0 = Release|Any CPU
	EndGlobalSection
	GlobalSection(SolutionProperties) = preSolution
		HideSolutionNode = FALSE
	EndGlobalSection
	GlobalSection(ExtensibilityGlobals) = postSolution
		SolutionGuid = {E8605F8F-37BA-45E7-90CB-E9FC0A8ADB74}
	EndGlobalSection
EndGlobal
